// !$*UTF8*$!
{
	archiveVersion = 1;
	classes = {
	};
	objectVersion = 56;
	objects = {

/* Begin PBXBuildFile section */
		A214D71529F85EF6003E0F96 /* PbnViewerApp.swift in Sources */ = {isa = PBXBuildFile; fileRef = A214D71429F85EF6003E0F96 /* PbnViewerApp.swift */; };
		A214D71729F85EF6003E0F96 /* ContentView.swift in Sources */ = {isa = PBXBuildFile; fileRef = A214D71629F85EF6003E0F96 /* ContentView.swift */; };
		A214D71929F85EF7003E0F96 /* Assets.xcassets in Resources */ = {isa = PBXBuildFile; fileRef = A214D71829F85EF7003E0F96 /* Assets.xcassets */; };
		A214D71D29F85EF7003E0F96 /* Preview Assets.xcassets in Resources */ = {isa = PBXBuildFile; fileRef = A214D71C29F85EF7003E0F96 /* Preview Assets.xcassets */; };
		A214D72729F85EF7003E0F96 /* PbnViewerTests.swift in Sources */ = {isa = PBXBuildFile; fileRef = A214D72629F85EF7003E0F96 /* PbnViewerTests.swift */; };
		A214D73129F85EF7003E0F96 /* PbnViewerUITests.swift in Sources */ = {isa = PBXBuildFile; fileRef = A214D73029F85EF7003E0F96 /* PbnViewerUITests.swift */; };
		A214D73329F85EF7003E0F96 /* PbnViewerUITestsLaunchTests.swift in Sources */ = {isa = PBXBuildFile; fileRef = A214D73229F85EF7003E0F96 /* PbnViewerUITestsLaunchTests.swift */; };
		A214D74429F8619B003E0F96 /* ContractBridge in Frameworks */ = {isa = PBXBuildFile; productRef = A214D74329F8619B003E0F96 /* ContractBridge */; };
		A214D74729F864FE003E0F96 /* ContractBridgeUI in Frameworks */ = {isa = PBXBuildFile; productRef = A214D74629F864FE003E0F96 /* ContractBridgeUI */; };
		A214D74A29F869E4003E0F96 /* ModelData.swift in Sources */ = {isa = PBXBuildFile; fileRef = A214D74929F869E4003E0F96 /* ModelData.swift */; };
		A214D74C29F86CCB003E0F96 /* TestData.pbn in Resources */ = {isa = PBXBuildFile; fileRef = A214D74B29F86CCB003E0F96 /* TestData.pbn */; };
		A214D75029F87701003E0F96 /* BoardView.swift in Sources */ = {isa = PBXBuildFile; fileRef = A214D74F29F87701003E0F96 /* BoardView.swift */; };
/* End PBXBuildFile section */

/* Begin PBXContainerItemProxy section */
		A214D72329F85EF7003E0F96 /* PBXContainerItemProxy */ = {
			isa = PBXContainerItemProxy;
			containerPortal = A214D70929F85EF6003E0F96 /* Project object */;
			proxyType = 1;
			remoteGlobalIDString = A214D71029F85EF6003E0F96;
			remoteInfo = PbnViewer;
		};
		A214D72D29F85EF7003E0F96 /* PBXContainerItemProxy */ = {
			isa = PBXContainerItemProxy;
			containerPortal = A214D70929F85EF6003E0F96 /* Project object */;
			proxyType = 1;
			remoteGlobalIDString = A214D71029F85EF6003E0F96;
			remoteInfo = PbnViewer;
		};
/* End PBXContainerItemProxy section */

/* Begin PBXFileReference section */
		A214D71129F85EF6003E0F96 /* PbnViewer.app */ = {isa = PBXFileReference; explicitFileType = wrapper.application; includeInIndex = 0; path = PbnViewer.app; sourceTree = BUILT_PRODUCTS_DIR; };
		A214D71429F85EF6003E0F96 /* PbnViewerApp.swift */ = {isa = PBXFileReference; lastKnownFileType = sourcecode.swift; path = PbnViewerApp.swift; sourceTree = "<group>"; };
		A214D71629F85EF6003E0F96 /* ContentView.swift */ = {isa = PBXFileReference; lastKnownFileType = sourcecode.swift; path = ContentView.swift; sourceTree = "<group>"; };
		A214D71829F85EF7003E0F96 /* Assets.xcassets */ = {isa = PBXFileReference; lastKnownFileType = folder.assetcatalog; path = Assets.xcassets; sourceTree = "<group>"; };
		A214D71A29F85EF7003E0F96 /* PbnViewer.entitlements */ = {isa = PBXFileReference; lastKnownFileType = text.plist.entitlements; path = PbnViewer.entitlements; sourceTree = "<group>"; };
		A214D71C29F85EF7003E0F96 /* Preview Assets.xcassets */ = {isa = PBXFileReference; lastKnownFileType = folder.assetcatalog; path = "Preview Assets.xcassets"; sourceTree = "<group>"; };
		A214D72229F85EF7003E0F96 /* PbnViewerTests.xctest */ = {isa = PBXFileReference; explicitFileType = wrapper.cfbundle; includeInIndex = 0; path = PbnViewerTests.xctest; sourceTree = BUILT_PRODUCTS_DIR; };
		A214D72629F85EF7003E0F96 /* PbnViewerTests.swift */ = {isa = PBXFileReference; lastKnownFileType = sourcecode.swift; path = PbnViewerTests.swift; sourceTree = "<group>"; };
		A214D72C29F85EF7003E0F96 /* PbnViewerUITests.xctest */ = {isa = PBXFileReference; explicitFileType = wrapper.cfbundle; includeInIndex = 0; path = PbnViewerUITests.xctest; sourceTree = BUILT_PRODUCTS_DIR; };
		A214D73029F85EF7003E0F96 /* PbnViewerUITests.swift */ = {isa = PBXFileReference; lastKnownFileType = sourcecode.swift; path = PbnViewerUITests.swift; sourceTree = "<group>"; };
		A214D73229F85EF7003E0F96 /* PbnViewerUITestsLaunchTests.swift */ = {isa = PBXFileReference; lastKnownFileType = sourcecode.swift; path = PbnViewerUITestsLaunchTests.swift; sourceTree = "<group>"; };
		A214D74929F869E4003E0F96 /* ModelData.swift */ = {isa = PBXFileReference; lastKnownFileType = sourcecode.swift; path = ModelData.swift; sourceTree = "<group>"; };
		A214D74B29F86CCB003E0F96 /* TestData.pbn */ = {isa = PBXFileReference; fileEncoding = 4; lastKnownFileType = text; path = TestData.pbn; sourceTree = "<group>"; };
		A214D74F29F87701003E0F96 /* BoardView.swift */ = {isa = PBXFileReference; lastKnownFileType = sourcecode.swift; path = BoardView.swift; sourceTree = "<group>"; };
/* End PBXFileReference section */

/* Begin PBXFrameworksBuildPhase section */
		A214D70E29F85EF6003E0F96 /* Frameworks */ = {
			isa = PBXFrameworksBuildPhase;
			buildActionMask = 2147483647;
			files = (
				A214D74429F8619B003E0F96 /* ContractBridge in Frameworks */,
				A214D74729F864FE003E0F96 /* ContractBridgeUI in Frameworks */,
			);
			runOnlyForDeploymentPostprocessing = 0;
		};
		A214D71F29F85EF7003E0F96 /* Frameworks */ = {
			isa = PBXFrameworksBuildPhase;
			buildActionMask = 2147483647;
			files = (
			);
			runOnlyForDeploymentPostprocessing = 0;
		};
		A214D72929F85EF7003E0F96 /* Frameworks */ = {
			isa = PBXFrameworksBuildPhase;
			buildActionMask = 2147483647;
			files = (
			);
			runOnlyForDeploymentPostprocessing = 0;
		};
/* End PBXFrameworksBuildPhase section */

/* Begin PBXGroup section */
		A214D70829F85EF6003E0F96 = {
			isa = PBXGroup;
			children = (
				A214D71329F85EF6003E0F96 /* PbnViewer */,
				A214D72529F85EF7003E0F96 /* PbnViewerTests */,
				A214D72F29F85EF7003E0F96 /* PbnViewerUITests */,
				A214D71229F85EF6003E0F96 /* Products */,
			);
			sourceTree = "<group>";
		};
		A214D71229F85EF6003E0F96 /* Products */ = {
			isa = PBXGroup;
			children = (
				A214D71129F85EF6003E0F96 /* PbnViewer.app */,
				A214D72229F85EF7003E0F96 /* PbnViewerTests.xctest */,
				A214D72C29F85EF7003E0F96 /* PbnViewerUITests.xctest */,
			);
			name = Products;
			sourceTree = "<group>";
		};
		A214D71329F85EF6003E0F96 /* PbnViewer */ = {
			isa = PBXGroup;
			children = (
				A214D74829F869AD003E0F96 /* Models */,
				A214D71429F85EF6003E0F96 /* PbnViewerApp.swift */,
				A214D71629F85EF6003E0F96 /* ContentView.swift */,
				A214D71829F85EF7003E0F96 /* Assets.xcassets */,
				A214D71A29F85EF7003E0F96 /* PbnViewer.entitlements */,
				A214D71B29F85EF7003E0F96 /* Preview Content */,
			);
			path = PbnViewer;
			sourceTree = "<group>";
		};
		A214D71B29F85EF7003E0F96 /* Preview Content */ = {
			isa = PBXGroup;
			children = (
				A214D71C29F85EF7003E0F96 /* Preview Assets.xcassets */,
				A214D74F29F87701003E0F96 /* BoardView.swift */,
			);
			path = "Preview Content";
			sourceTree = "<group>";
		};
		A214D72529F85EF7003E0F96 /* PbnViewerTests */ = {
			isa = PBXGroup;
			children = (
				A214D72629F85EF7003E0F96 /* PbnViewerTests.swift */,
			);
			path = PbnViewerTests;
			sourceTree = "<group>";
		};
		A214D72F29F85EF7003E0F96 /* PbnViewerUITests */ = {
			isa = PBXGroup;
			children = (
				A214D73029F85EF7003E0F96 /* PbnViewerUITests.swift */,
				A214D73229F85EF7003E0F96 /* PbnViewerUITestsLaunchTests.swift */,
			);
			path = PbnViewerUITests;
			sourceTree = "<group>";
		};
		A214D74829F869AD003E0F96 /* Models */ = {
			isa = PBXGroup;
			children = (
				A214D74B29F86CCB003E0F96 /* TestData.pbn */,
				A214D74929F869E4003E0F96 /* ModelData.swift */,
			);
			path = Models;
			sourceTree = "<group>";
		};
/* End PBXGroup section */

/* Begin PBXNativeTarget section */
		A214D71029F85EF6003E0F96 /* PbnViewer */ = {
			isa = PBXNativeTarget;
			buildConfigurationList = A214D73629F85EF7003E0F96 /* Build configuration list for PBXNativeTarget "PbnViewer" */;
			buildPhases = (
				A214D70D29F85EF6003E0F96 /* Sources */,
				A214D70E29F85EF6003E0F96 /* Frameworks */,
				A214D70F29F85EF6003E0F96 /* Resources */,
			);
			buildRules = (
			);
			dependencies = (
			);
			name = PbnViewer;
			packageProductDependencies = (
				A214D74329F8619B003E0F96 /* ContractBridge */,
				A214D74629F864FE003E0F96 /* ContractBridgeUI */,
			);
			productName = PbnViewer;
			productReference = A214D71129F85EF6003E0F96 /* PbnViewer.app */;
			productType = "com.apple.product-type.application";
		};
		A214D72129F85EF7003E0F96 /* PbnViewerTests */ = {
			isa = PBXNativeTarget;
			buildConfigurationList = A214D73929F85EF7003E0F96 /* Build configuration list for PBXNativeTarget "PbnViewerTests" */;
			buildPhases = (
				A214D71E29F85EF7003E0F96 /* Sources */,
				A214D71F29F85EF7003E0F96 /* Frameworks */,
				A214D72029F85EF7003E0F96 /* Resources */,
			);
			buildRules = (
			);
			dependencies = (
				A214D72429F85EF7003E0F96 /* PBXTargetDependency */,
			);
			name = PbnViewerTests;
			productName = PbnViewerTests;
			productReference = A214D72229F85EF7003E0F96 /* PbnViewerTests.xctest */;
			productType = "com.apple.product-type.bundle.unit-test";
		};
		A214D72B29F85EF7003E0F96 /* PbnViewerUITests */ = {
			isa = PBXNativeTarget;
			buildConfigurationList = A214D73C29F85EF7003E0F96 /* Build configuration list for PBXNativeTarget "PbnViewerUITests" */;
			buildPhases = (
				A214D72829F85EF7003E0F96 /* Sources */,
				A214D72929F85EF7003E0F96 /* Frameworks */,
				A214D72A29F85EF7003E0F96 /* Resources */,
			);
			buildRules = (
			);
			dependencies = (
				A214D72E29F85EF7003E0F96 /* PBXTargetDependency */,
			);
			name = PbnViewerUITests;
			productName = PbnViewerUITests;
			productReference = A214D72C29F85EF7003E0F96 /* PbnViewerUITests.xctest */;
			productType = "com.apple.product-type.bundle.ui-testing";
		};
/* End PBXNativeTarget section */

/* Begin PBXProject section */
		A214D70929F85EF6003E0F96 /* Project object */ = {
			isa = PBXProject;
			attributes = {
				BuildIndependentTargetsInParallel = 1;
				LastSwiftUpdateCheck = 1430;
				LastUpgradeCheck = 1430;
				TargetAttributes = {
					A214D71029F85EF6003E0F96 = {
						CreatedOnToolsVersion = 14.3;
					};
					A214D72129F85EF7003E0F96 = {
						CreatedOnToolsVersion = 14.3;
						TestTargetID = A214D71029F85EF6003E0F96;
					};
					A214D72B29F85EF7003E0F96 = {
						CreatedOnToolsVersion = 14.3;
						TestTargetID = A214D71029F85EF6003E0F96;
					};
				};
			};
			buildConfigurationList = A214D70C29F85EF6003E0F96 /* Build configuration list for PBXProject "PbnViewer" */;
			compatibilityVersion = "Xcode 14.0";
			developmentRegion = en;
			hasScannedForEncodings = 0;
			knownRegions = (
				en,
				Base,
			);
			mainGroup = A214D70829F85EF6003E0F96;
			packageReferences = (
				A214D74229F8619B003E0F96 /* XCRemoteSwiftPackageReference "ContractBridge" */,
				A214D74529F864FE003E0F96 /* XCRemoteSwiftPackageReference "ContractBridgeUI" */,
			);
			productRefGroup = A214D71229F85EF6003E0F96 /* Products */;
			projectDirPath = "";
			projectRoot = "";
			targets = (
				A214D71029F85EF6003E0F96 /* PbnViewer */,
				A214D72129F85EF7003E0F96 /* PbnViewerTests */,
				A214D72B29F85EF7003E0F96 /* PbnViewerUITests */,
			);
		};
/* End PBXProject section */

/* Begin PBXResourcesBuildPhase section */
		A214D70F29F85EF6003E0F96 /* Resources */ = {
			isa = PBXResourcesBuildPhase;
			buildActionMask = 2147483647;
			files = (
				A214D71D29F85EF7003E0F96 /* Preview Assets.xcassets in Resources */,
				A214D74C29F86CCB003E0F96 /* TestData.pbn in Resources */,
				A214D71929F85EF7003E0F96 /* Assets.xcassets in Resources */,
			);
			runOnlyForDeploymentPostprocessing = 0;
		};
		A214D72029F85EF7003E0F96 /* Resources */ = {
			isa = PBXResourcesBuildPhase;
			buildActionMask = 2147483647;
			files = (
			);
			runOnlyForDeploymentPostprocessing = 0;
		};
		A214D72A29F85EF7003E0F96 /* Resources */ = {
			isa = PBXResourcesBuildPhase;
			buildActionMask = 2147483647;
			files = (
			);
			runOnlyForDeploymentPostprocessing = 0;
		};
/* End PBXResourcesBuildPhase section */

/* Begin PBXSourcesBuildPhase section */
		A214D70D29F85EF6003E0F96 /* Sources */ = {
			isa = PBXSourcesBuildPhase;
			buildActionMask = 2147483647;
			files = (
				A214D71729F85EF6003E0F96 /* ContentView.swift in Sources */,
				A214D75029F87701003E0F96 /* BoardView.swift in Sources */,
				A214D71529F85EF6003E0F96 /* PbnViewerApp.swift in Sources */,
				A214D74A29F869E4003E0F96 /* ModelData.swift in Sources */,
			);
			runOnlyForDeploymentPostprocessing = 0;
		};
		A214D71E29F85EF7003E0F96 /* Sources */ = {
			isa = PBXSourcesBuildPhase;
			buildActionMask = 2147483647;
			files = (
				A214D72729F85EF7003E0F96 /* PbnViewerTests.swift in Sources */,
			);
			runOnlyForDeploymentPostprocessing = 0;
		};
		A214D72829F85EF7003E0F96 /* Sources */ = {
			isa = PBXSourcesBuildPhase;
			buildActionMask = 2147483647;
			files = (
				A214D73129F85EF7003E0F96 /* PbnViewerUITests.swift in Sources */,
				A214D73329F85EF7003E0F96 /* PbnViewerUITestsLaunchTests.swift in Sources */,
			);
			runOnlyForDeploymentPostprocessing = 0;
		};
/* End PBXSourcesBuildPhase section */

/* Begin PBXTargetDependency section */
		A214D72429F85EF7003E0F96 /* PBXTargetDependency */ = {
			isa = PBXTargetDependency;
			target = A214D71029F85EF6003E0F96 /* PbnViewer */;
			targetProxy = A214D72329F85EF7003E0F96 /* PBXContainerItemProxy */;
		};
		A214D72E29F85EF7003E0F96 /* PBXTargetDependency */ = {
			isa = PBXTargetDependency;
			target = A214D71029F85EF6003E0F96 /* PbnViewer */;
			targetProxy = A214D72D29F85EF7003E0F96 /* PBXContainerItemProxy */;
		};
/* End PBXTargetDependency section */

/* Begin XCBuildConfiguration section */
		A214D73429F85EF7003E0F96 /* Debug */ = {
			isa = XCBuildConfiguration;
			buildSettings = {
				ALWAYS_SEARCH_USER_PATHS = NO;
				CLANG_ANALYZER_NONNULL = YES;
				CLANG_ANALYZER_NUMBER_OBJECT_CONVERSION = YES_AGGRESSIVE;
				CLANG_CXX_LANGUAGE_STANDARD = "gnu++20";
				CLANG_ENABLE_MODULES = YES;
				CLANG_ENABLE_OBJC_ARC = YES;
				CLANG_ENABLE_OBJC_WEAK = YES;
				CLANG_WARN_BLOCK_CAPTURE_AUTORELEASING = YES;
				CLANG_WARN_BOOL_CONVERSION = YES;
				CLANG_WARN_COMMA = YES;
				CLANG_WARN_CONSTANT_CONVERSION = YES;
				CLANG_WARN_DEPRECATED_OBJC_IMPLEMENTATIONS = YES;
				CLANG_WARN_DIRECT_OBJC_ISA_USAGE = YES_ERROR;
				CLANG_WARN_DOCUMENTATION_COMMENTS = YES;
				CLANG_WARN_EMPTY_BODY = YES;
				CLANG_WARN_ENUM_CONVERSION = YES;
				CLANG_WARN_INFINITE_RECURSION = YES;
				CLANG_WARN_INT_CONVERSION = YES;
				CLANG_WARN_NON_LITERAL_NULL_CONVERSION = YES;
				CLANG_WARN_OBJC_IMPLICIT_RETAIN_SELF = YES;
				CLANG_WARN_OBJC_LITERAL_CONVERSION = YES;
				CLANG_WARN_OBJC_ROOT_CLASS = YES_ERROR;
				CLANG_WARN_QUOTED_INCLUDE_IN_FRAMEWORK_HEADER = YES;
				CLANG_WARN_RANGE_LOOP_ANALYSIS = YES;
				CLANG_WARN_STRICT_PROTOTYPES = YES;
				CLANG_WARN_SUSPICIOUS_MOVE = YES;
				CLANG_WARN_UNGUARDED_AVAILABILITY = YES_AGGRESSIVE;
				CLANG_WARN_UNREACHABLE_CODE = YES;
				CLANG_WARN__DUPLICATE_METHOD_MATCH = YES;
				COPY_PHASE_STRIP = NO;
				DEBUG_INFORMATION_FORMAT = dwarf;
				ENABLE_STRICT_OBJC_MSGSEND = YES;
				ENABLE_TESTABILITY = YES;
				GCC_C_LANGUAGE_STANDARD = gnu11;
				GCC_DYNAMIC_NO_PIC = NO;
				GCC_NO_COMMON_BLOCKS = YES;
				GCC_OPTIMIZATION_LEVEL = 0;
				GCC_PREPROCESSOR_DEFINITIONS = (
					"DEBUG=1",
					"$(inherited)",
				);
				GCC_WARN_64_TO_32_BIT_CONVERSION = YES;
				GCC_WARN_ABOUT_RETURN_TYPE = YES_ERROR;
				GCC_WARN_UNDECLARED_SELECTOR = YES;
				GCC_WARN_UNINITIALIZED_AUTOS = YES_AGGRESSIVE;
				GCC_WARN_UNUSED_FUNCTION = YES;
				GCC_WARN_UNUSED_VARIABLE = YES;
				MTL_ENABLE_DEBUG_INFO = INCLUDE_SOURCE;
				MTL_FAST_MATH = YES;
				ONLY_ACTIVE_ARCH = YES;
				SWIFT_ACTIVE_COMPILATION_CONDITIONS = DEBUG;
				SWIFT_OPTIMIZATION_LEVEL = "-Onone";
			};
			name = Debug;
		};
		A214D73529F85EF7003E0F96 /* Release */ = {
			isa = XCBuildConfiguration;
			buildSettings = {
				ALWAYS_SEARCH_USER_PATHS = NO;
				CLANG_ANALYZER_NONNULL = YES;
				CLANG_ANALYZER_NUMBER_OBJECT_CONVERSION = YES_AGGRESSIVE;
				CLANG_CXX_LANGUAGE_STANDARD = "gnu++20";
				CLANG_ENABLE_MODULES = YES;
				CLANG_ENABLE_OBJC_ARC = YES;
				CLANG_ENABLE_OBJC_WEAK = YES;
				CLANG_WARN_BLOCK_CAPTURE_AUTORELEASING = YES;
				CLANG_WARN_BOOL_CONVERSION = YES;
				CLANG_WARN_COMMA = YES;
				CLANG_WARN_CONSTANT_CONVERSION = YES;
				CLANG_WARN_DEPRECATED_OBJC_IMPLEMENTATIONS = YES;
				CLANG_WARN_DIRECT_OBJC_ISA_USAGE = YES_ERROR;
				CLANG_WARN_DOCUMENTATION_COMMENTS = YES;
				CLANG_WARN_EMPTY_BODY = YES;
				CLANG_WARN_ENUM_CONVERSION = YES;
				CLANG_WARN_INFINITE_RECURSION = YES;
				CLANG_WARN_INT_CONVERSION = YES;
				CLANG_WARN_NON_LITERAL_NULL_CONVERSION = YES;
				CLANG_WARN_OBJC_IMPLICIT_RETAIN_SELF = YES;
				CLANG_WARN_OBJC_LITERAL_CONVERSION = YES;
				CLANG_WARN_OBJC_ROOT_CLASS = YES_ERROR;
				CLANG_WARN_QUOTED_INCLUDE_IN_FRAMEWORK_HEADER = YES;
				CLANG_WARN_RANGE_LOOP_ANALYSIS = YES;
				CLANG_WARN_STRICT_PROTOTYPES = YES;
				CLANG_WARN_SUSPICIOUS_MOVE = YES;
				CLANG_WARN_UNGUARDED_AVAILABILITY = YES_AGGRESSIVE;
				CLANG_WARN_UNREACHABLE_CODE = YES;
				CLANG_WARN__DUPLICATE_METHOD_MATCH = YES;
				COPY_PHASE_STRIP = NO;
				DEBUG_INFORMATION_FORMAT = "dwarf-with-dsym";
				ENABLE_NS_ASSERTIONS = NO;
				ENABLE_STRICT_OBJC_MSGSEND = YES;
				GCC_C_LANGUAGE_STANDARD = gnu11;
				GCC_NO_COMMON_BLOCKS = YES;
				GCC_WARN_64_TO_32_BIT_CONVERSION = YES;
				GCC_WARN_ABOUT_RETURN_TYPE = YES_ERROR;
				GCC_WARN_UNDECLARED_SELECTOR = YES;
				GCC_WARN_UNINITIALIZED_AUTOS = YES_AGGRESSIVE;
				GCC_WARN_UNUSED_FUNCTION = YES;
				GCC_WARN_UNUSED_VARIABLE = YES;
				MTL_ENABLE_DEBUG_INFO = NO;
				MTL_FAST_MATH = YES;
				SWIFT_COMPILATION_MODE = wholemodule;
				SWIFT_OPTIMIZATION_LEVEL = "-O";
			};
			name = Release;
		};
		A214D73729F85EF7003E0F96 /* Debug */ = {
			isa = XCBuildConfiguration;
			buildSettings = {
				ASSETCATALOG_COMPILER_APPICON_NAME = AppIcon;
				ASSETCATALOG_COMPILER_GLOBAL_ACCENT_COLOR_NAME = AccentColor;
				CODE_SIGN_ENTITLEMENTS = PbnViewer/PbnViewer.entitlements;
				CODE_SIGN_STYLE = Automatic;
				CURRENT_PROJECT_VERSION = 1;
				DEVELOPMENT_ASSET_PATHS = "\"PbnViewer/Preview Content\"";
				ENABLE_PREVIEWS = YES;
				GENERATE_INFOPLIST_FILE = YES;
				"INFOPLIST_KEY_UIApplicationSceneManifest_Generation[sdk=iphoneos*]" = YES;
				"INFOPLIST_KEY_UIApplicationSceneManifest_Generation[sdk=iphonesimulator*]" = YES;
				"INFOPLIST_KEY_UIApplicationSupportsIndirectInputEvents[sdk=iphoneos*]" = YES;
				"INFOPLIST_KEY_UIApplicationSupportsIndirectInputEvents[sdk=iphonesimulator*]" = YES;
				"INFOPLIST_KEY_UILaunchScreen_Generation[sdk=iphoneos*]" = YES;
				"INFOPLIST_KEY_UILaunchScreen_Generation[sdk=iphonesimulator*]" = YES;
				"INFOPLIST_KEY_UIStatusBarStyle[sdk=iphoneos*]" = UIStatusBarStyleDefault;
				"INFOPLIST_KEY_UIStatusBarStyle[sdk=iphonesimulator*]" = UIStatusBarStyleDefault;
				INFOPLIST_KEY_UISupportedInterfaceOrientations_iPad = "UIInterfaceOrientationPortrait UIInterfaceOrientationPortraitUpsideDown UIInterfaceOrientationLandscapeLeft UIInterfaceOrientationLandscapeRight";
				INFOPLIST_KEY_UISupportedInterfaceOrientations_iPhone = "UIInterfaceOrientationPortrait UIInterfaceOrientationLandscapeLeft UIInterfaceOrientationLandscapeRight";
				IPHONEOS_DEPLOYMENT_TARGET = 16.4;
				LD_RUNPATH_SEARCH_PATHS = "@executable_path/Frameworks";
				"LD_RUNPATH_SEARCH_PATHS[sdk=macosx*]" = "@executable_path/../Frameworks";
				MACOSX_DEPLOYMENT_TARGET = 13.3;
				MARKETING_VERSION = 1.0;
				PRODUCT_BUNDLE_IDENTIFIER = ws.lipe.PbnViewer;
				PRODUCT_NAME = "$(TARGET_NAME)";
				SDKROOT = auto;
				SUPPORTED_PLATFORMS = "iphoneos iphonesimulator macosx";
				SWIFT_EMIT_LOC_STRINGS = YES;
				SWIFT_VERSION = 5.0;
				TARGETED_DEVICE_FAMILY = "1,2";
			};
			name = Debug;
		};
		A214D73829F85EF7003E0F96 /* Release */ = {
			isa = XCBuildConfiguration;
			buildSettings = {
				ASSETCATALOG_COMPILER_APPICON_NAME = AppIcon;
				ASSETCATALOG_COMPILER_GLOBAL_ACCENT_COLOR_NAME = AccentColor;
				CODE_SIGN_ENTITLEMENTS = PbnViewer/PbnViewer.entitlements;
				CODE_SIGN_STYLE = Automatic;
				CURRENT_PROJECT_VERSION = 1;
				DEVELOPMENT_ASSET_PATHS = "\"PbnViewer/Preview Content\"";
				ENABLE_PREVIEWS = YES;
				GENERATE_INFOPLIST_FILE = YES;
				"INFOPLIST_KEY_UIApplicationSceneManifest_Generation[sdk=iphoneos*]" = YES;
				"INFOPLIST_KEY_UIApplicationSceneManifest_Generation[sdk=iphonesimulator*]" = YES;
				"INFOPLIST_KEY_UIApplicationSupportsIndirectInputEvents[sdk=iphoneos*]" = YES;
				"INFOPLIST_KEY_UIApplicationSupportsIndirectInputEvents[sdk=iphonesimulator*]" = YES;
				"INFOPLIST_KEY_UILaunchScreen_Generation[sdk=iphoneos*]" = YES;
				"INFOPLIST_KEY_UILaunchScreen_Generation[sdk=iphonesimulator*]" = YES;
				"INFOPLIST_KEY_UIStatusBarStyle[sdk=iphoneos*]" = UIStatusBarStyleDefault;
				"INFOPLIST_KEY_UIStatusBarStyle[sdk=iphonesimulator*]" = UIStatusBarStyleDefault;
				INFOPLIST_KEY_UISupportedInterfaceOrientations_iPad = "UIInterfaceOrientationPortrait UIInterfaceOrientationPortraitUpsideDown UIInterfaceOrientationLandscapeLeft UIInterfaceOrientationLandscapeRight";
				INFOPLIST_KEY_UISupportedInterfaceOrientations_iPhone = "UIInterfaceOrientationPortrait UIInterfaceOrientationLandscapeLeft UIInterfaceOrientationLandscapeRight";
				IPHONEOS_DEPLOYMENT_TARGET = 16.4;
				LD_RUNPATH_SEARCH_PATHS = "@executable_path/Frameworks";
				"LD_RUNPATH_SEARCH_PATHS[sdk=macosx*]" = "@executable_path/../Frameworks";
				MACOSX_DEPLOYMENT_TARGET = 13.3;
				MARKETING_VERSION = 1.0;
				PRODUCT_BUNDLE_IDENTIFIER = ws.lipe.PbnViewer;
				PRODUCT_NAME = "$(TARGET_NAME)";
				SDKROOT = auto;
				SUPPORTED_PLATFORMS = "iphoneos iphonesimulator macosx";
				SWIFT_EMIT_LOC_STRINGS = YES;
				SWIFT_VERSION = 5.0;
				TARGETED_DEVICE_FAMILY = "1,2";
			};
			name = Release;
		};
		A214D73A29F85EF7003E0F96 /* Debug */ = {
			isa = XCBuildConfiguration;
			buildSettings = {
				ALWAYS_EMBED_SWIFT_STANDARD_LIBRARIES = YES;
				BUNDLE_LOADER = "$(TEST_HOST)";
				CODE_SIGN_STYLE = Automatic;
				CURRENT_PROJECT_VERSION = 1;
				GENERATE_INFOPLIST_FILE = YES;
				IPHONEOS_DEPLOYMENT_TARGET = 16.4;
				MACOSX_DEPLOYMENT_TARGET = 13.3;
				MARKETING_VERSION = 1.0;
				PRODUCT_BUNDLE_IDENTIFIER = ws.lipe.PbnViewerTests;
				PRODUCT_NAME = "$(TARGET_NAME)";
				SDKROOT = auto;
				SUPPORTED_PLATFORMS = "iphoneos iphonesimulator macosx";
				SWIFT_EMIT_LOC_STRINGS = NO;
				SWIFT_VERSION = 5.0;
				TARGETED_DEVICE_FAMILY = "1,2";
				TEST_HOST = "$(BUILT_PRODUCTS_DIR)/PbnViewer.app/$(BUNDLE_EXECUTABLE_FOLDER_PATH)/PbnViewer";
			};
			name = Debug;
		};
		A214D73B29F85EF7003E0F96 /* Release */ = {
			isa = XCBuildConfiguration;
			buildSettings = {
				ALWAYS_EMBED_SWIFT_STANDARD_LIBRARIES = YES;
				BUNDLE_LOADER = "$(TEST_HOST)";
				CODE_SIGN_STYLE = Automatic;
				CURRENT_PROJECT_VERSION = 1;
				GENERATE_INFOPLIST_FILE = YES;
				IPHONEOS_DEPLOYMENT_TARGET = 16.4;
				MACOSX_DEPLOYMENT_TARGET = 13.3;
				MARKETING_VERSION = 1.0;
				PRODUCT_BUNDLE_IDENTIFIER = ws.lipe.PbnViewerTests;
				PRODUCT_NAME = "$(TARGET_NAME)";
				SDKROOT = auto;
				SUPPORTED_PLATFORMS = "iphoneos iphonesimulator macosx";
				SWIFT_EMIT_LOC_STRINGS = NO;
				SWIFT_VERSION = 5.0;
				TARGETED_DEVICE_FAMILY = "1,2";
				TEST_HOST = "$(BUILT_PRODUCTS_DIR)/PbnViewer.app/$(BUNDLE_EXECUTABLE_FOLDER_PATH)/PbnViewer";
			};
			name = Release;
		};
		A214D73D29F85EF7003E0F96 /* Debug */ = {
			isa = XCBuildConfiguration;
			buildSettings = {
				ALWAYS_EMBED_SWIFT_STANDARD_LIBRARIES = YES;
				CODE_SIGN_STYLE = Automatic;
				CURRENT_PROJECT_VERSION = 1;
				GENERATE_INFOPLIST_FILE = YES;
				IPHONEOS_DEPLOYMENT_TARGET = 16.4;
				MACOSX_DEPLOYMENT_TARGET = 13.3;
				MARKETING_VERSION = 1.0;
				PRODUCT_BUNDLE_IDENTIFIER = ws.lipe.PbnViewerUITests;
				PRODUCT_NAME = "$(TARGET_NAME)";
				SDKROOT = auto;
				SUPPORTED_PLATFORMS = "iphoneos iphonesimulator macosx";
				SWIFT_EMIT_LOC_STRINGS = NO;
				SWIFT_VERSION = 5.0;
				TARGETED_DEVICE_FAMILY = "1,2";
				TEST_TARGET_NAME = PbnViewer;
			};
			name = Debug;
		};
		A214D73E29F85EF7003E0F96 /* Release */ = {
			isa = XCBuildConfiguration;
			buildSettings = {
				ALWAYS_EMBED_SWIFT_STANDARD_LIBRARIES = YES;
				CODE_SIGN_STYLE = Automatic;
				CURRENT_PROJECT_VERSION = 1;
				GENERATE_INFOPLIST_FILE = YES;
				IPHONEOS_DEPLOYMENT_TARGET = 16.4;
				MACOSX_DEPLOYMENT_TARGET = 13.3;
				MARKETING_VERSION = 1.0;
				PRODUCT_BUNDLE_IDENTIFIER = ws.lipe.PbnViewerUITests;
				PRODUCT_NAME = "$(TARGET_NAME)";
				SDKROOT = auto;
				SUPPORTED_PLATFORMS = "iphoneos iphonesimulator macosx";
				SWIFT_EMIT_LOC_STRINGS = NO;
				SWIFT_VERSION = 5.0;
				TARGETED_DEVICE_FAMILY = "1,2";
				TEST_TARGET_NAME = PbnViewer;
			};
			name = Release;
		};
/* End XCBuildConfiguration section */

/* Begin XCConfigurationList section */
		A214D70C29F85EF6003E0F96 /* Build configuration list for PBXProject "PbnViewer" */ = {
			isa = XCConfigurationList;
			buildConfigurations = (
				A214D73429F85EF7003E0F96 /* Debug */,
				A214D73529F85EF7003E0F96 /* Release */,
			);
			defaultConfigurationIsVisible = 0;
			defaultConfigurationName = Release;
		};
		A214D73629F85EF7003E0F96 /* Build configuration list for PBXNativeTarget "PbnViewer" */ = {
			isa = XCConfigurationList;
			buildConfigurations = (
				A214D73729F85EF7003E0F96 /* Debug */,
				A214D73829F85EF7003E0F96 /* Release */,
			);
			defaultConfigurationIsVisible = 0;
			defaultConfigurationName = Release;
		};
		A214D73929F85EF7003E0F96 /* Build configuration list for PBXNativeTarget "PbnViewerTests" */ = {
			isa = XCConfigurationList;
			buildConfigurations = (
				A214D73A29F85EF7003E0F96 /* Debug */,
				A214D73B29F85EF7003E0F96 /* Release */,
			);
			defaultConfigurationIsVisible = 0;
			defaultConfigurationName = Release;
		};
		A214D73C29F85EF7003E0F96 /* Build configuration list for PBXNativeTarget "PbnViewerUITests" */ = {
			isa = XCConfigurationList;
			buildConfigurations = (
				A214D73D29F85EF7003E0F96 /* Debug */,
				A214D73E29F85EF7003E0F96 /* Release */,
			);
			defaultConfigurationIsVisible = 0;
			defaultConfigurationName = Release;
		};
/* End XCConfigurationList section */

/* Begin XCRemoteSwiftPackageReference section */
		A214D74229F8619B003E0F96 /* XCRemoteSwiftPackageReference "ContractBridge" */ = {
			isa = XCRemoteSwiftPackageReference;
			repositoryURL = "https://github.com/RalphLipe/ContractBridge";
			requirement = {
				branch = main;
				kind = branch;
			};
		};
		A214D74529F864FE003E0F96 /* XCRemoteSwiftPackageReference "ContractBridgeUI" */ = {
			isa = XCRemoteSwiftPackageReference;
			repositoryURL = "https://github.com/RalphLipe/ContractBridgeUI/";
			requirement = {
				branch = main;
				kind = branch;
			};
		};
/* End XCRemoteSwiftPackageReference section */

/* Begin XCSwiftPackageProductDependency section */
		A214D74329F8619B003E0F96 /* ContractBridge */ = {
			isa = XCSwiftPackageProductDependency;
			package = A214D74229F8619B003E0F96 /* XCRemoteSwiftPackageReference "ContractBridge" */;
			productName = ContractBridge;
		};
		A214D74629F864FE003E0F96 /* ContractBridgeUI */ = {
			isa = XCSwiftPackageProductDependency;
			package = A214D74529F864FE003E0F96 /* XCRemoteSwiftPackageReference "ContractBridgeUI" */;
			productName = ContractBridgeUI;
		};
/* End XCSwiftPackageProductDependency section */
	};
	rootObject = A214D70929F85EF6003E0F96 /* Project object */;
}
